
Microsoft Visual Studio Solution File, Format Version 12.00
# Visual Studio 15
Project("{D954291E-2A0B-460D-934E-DC6B0785DB48}") = "TheAppsPajamas.Easy", "TheAppsPajamas.Easy\TheAppsPajamas.Easy.shproj", "{1152988C-D9AB-4795-AC63-15336C7443AF}"
EndProject
Project("{FAE04EC0-301F-11D3-BF4B-00C04F79EFBC}") = "TheAppsPajamas.Easy.iOS", "iOS\TheAppsPajamas.Easy.iOS.csproj", "{879E4AE2-E5A8-4A98-B049-242821F24839}"
EndProject
Project("{FAE04EC0-301F-11D3-BF4B-00C04F79EFBC}") = "TheAppsPajamas.Easy.Droid", "Droid\TheAppsPajamas.Easy.Droid.csproj", "{4BCD8BB9-D036-4BC5-9190-D91AC10EFE59}"
EndProject
Global
	GlobalSection(SolutionConfigurationPlatforms) = preSolution
		Debug|iPhoneSimulator = Debug|iPhoneSimulator
		Release|iPhone = Release|iPhone
		Release|iPhoneSimulator = Release|iPhoneSimulator
		Debug|iPhone = Debug|iPhone
		Debug|Any CPU = Debug|Any CPU
		Release|Any CPU = Release|Any CPU
	EndGlobalSection
	GlobalSection(ProjectConfigurationPlatforms) = postSolution
		{879E4AE2-E5A8-4A98-B049-242821F24839}.Debug|iPhoneSimulator.ActiveCfg = Debug|iPhoneSimulator
		{879E4AE2-E5A8-4A98-B049-242821F24839}.Debug|iPhoneSimulator.Build.0 = Debug|iPhoneSimulator
		{879E4AE2-E5A8-4A98-B049-242821F24839}.Release|iPhone.ActiveCfg = Release|iPhone
		{879E4AE2-E5A8-4A98-B049-242821F24839}.Release|iPhone.Build.0 = Release|iPhone
		{879E4AE2-E5A8-4A98-B049-242821F24839}.Release|iPhoneSimulator.ActiveCfg = Release|iPhoneSimulator
		{879E4AE2-E5A8-4A98-B049-242821F24839}.Release|iPhoneSimulator.Build.0 = Release|iPhoneSimulator
		{879E4AE2-E5A8-4A98-B049-242821F24839}.Debug|iPhone.ActiveCfg = Debug|iPhone
		{879E4AE2-E5A8-4A98-B049-242821F24839}.Debug|iPhone.Build.0 = Debug|iPhone
		{879E4AE2-E5A8-4A98-B049-242821F24839}.Debug|Any CPU.ActiveCfg = Debug|iPhoneSimulator
		{879E4AE2-E5A8-4A98-B049-242821F24839}.Debug|Any CPU.Build.0 = Debug|iPhoneSimulator
		{879E4AE2-E5A8-4A98-B049-242821F24839}.Release|Any CPU.ActiveCfg = Release|iPhone
		{879E4AE2-E5A8-4A98-B049-242821F24839}.Release|Any CPU.Build.0 = Release|iPhone
		{4BCD8BB9-D036-4BC5-9190-D91AC10EFE59}.Debug|iPhoneSimulator.ActiveCfg = Debug|Any CPU
		{4BCD8BB9-D036-4BC5-9190-D91AC10EFE59}.Debug|iPhoneSimulator.Build.0 = Debug|Any CPU
		{4BCD8BB9-D036-4BC5-9190-D91AC10EFE59}.Release|iPhone.ActiveCfg = Release|Any CPU
		{4BCD8BB9-D036-4BC5-9190-D91AC10EFE59}.Release|iPhone.Build.0 = Release|Any CPU
		{4BCD8BB9-D036-4BC5-9190-D91AC10EFE59}.Release|iPhoneSimulator.ActiveCfg = Release|Any CPU
		{4BCD8BB9-D036-4BC5-9190-D91AC10EFE59}.Release|iPhoneSimulator.Build.0 = Release|Any CPU
		{4BCD8BB9-D036-4BC5-9190-D91AC10EFE59}.Debug|iPhone.ActiveCfg = Debug|Any CPU
		{4BCD8BB9-D036-4BC5-9190-D91AC10EFE59}.Debug|iPhone.Build.0 = Debug|Any CPU
		{4BCD8BB9-D036-4BC5-9190-D91AC10EFE59}.Debug|Any CPU.ActiveCfg = Debug|Any CPU
		{4BCD8BB9-D036-4BC5-9190-D91AC10EFE59}.Debug|Any CPU.Build.0 = Debug|Any CPU
		{4BCD8BB9-D036-4BC5-9190-D91AC10EFE59}.Release|Any CPU.ActiveCfg = Release|Any CPU
		{4BCD8BB9-D036-4BC5-9190-D91AC10EFE59}.Release|Any CPU.Build.0 = Release|Any CPU
	EndGlobalSection
EndGlobal
